// !$*UTF8*$!
{
	archiveVersion = 1;
	classes = {
	};
	objectVersion = 56;
	objects = {

/* Begin PBXBuildFile section */
		FB008A602982DB5F007F0681 /* AboutMeApp.swift in Sources */ = {isa = PBXBuildFile; fileRef = FB008A5F2982DB5F007F0681 /* AboutMeApp.swift */; };
		FB008A622982DB5F007F0681 /* ContentView.swift in Sources */ = {isa = PBXBuildFile; fileRef = FB008A612982DB5F007F0681 /* ContentView.swift */; };
		FB008A642982DB61007F0681 /* Assets.xcassets in Resources */ = {isa = PBXBuildFile; fileRef = FB008A632982DB61007F0681 /* Assets.xcassets */; };
		FB008A672982DB61007F0681 /* Preview Assets.xcassets in Resources */ = {isa = PBXBuildFile; fileRef = FB008A662982DB61007F0681 /* Preview Assets.xcassets */; };
		FB008A712982DB61007F0681 /* AboutMeTests.swift in Sources */ = {isa = PBXBuildFile; fileRef = FB008A702982DB61007F0681 /* AboutMeTests.swift */; };
		FB008A7B2982DB61007F0681 /* AboutMeUITests.swift in Sources */ = {isa = PBXBuildFile; fileRef = FB008A7A2982DB61007F0681 /* AboutMeUITests.swift */; };
		FB008A7D2982DB61007F0681 /* AboutMeUITestsLaunchTests.swift in Sources */ = {isa = PBXBuildFile; fileRef = FB008A7C2982DB61007F0681 /* AboutMeUITestsLaunchTests.swift */; };
		FB008A8A2982DE8D007F0681 /* Data.swift in Sources */ = {isa = PBXBuildFile; fileRef = FB008A892982DE8D007F0681 /* Data.swift */; };
		FB008A8C2982DEAB007F0681 /* HomeView.swift in Sources */ = {isa = PBXBuildFile; fileRef = FB008A8B2982DEAB007F0681 /* HomeView.swift */; };
		FB008A8E2982DEFF007F0681 /* StoryView.swift in Sources */ = {isa = PBXBuildFile; fileRef = FB008A8D2982DEFF007F0681 /* StoryView.swift */; };
		FB008A902982DF1C007F0681 /* FavoritesView.swift in Sources */ = {isa = PBXBuildFile; fileRef = FB008A8F2982DF1C007F0681 /* FavoritesView.swift */; };
		FB008A922982DF39007F0681 /* FunFactsView.swift in Sources */ = {isa = PBXBuildFile; fileRef = FB008A912982DF39007F0681 /* FunFactsView.swift */; };
/* End PBXBuildFile section */

/* Begin PBXContainerItemProxy section */
		FB008A6D2982DB61007F0681 /* PBXContainerItemProxy */ = {
			isa = PBXContainerItemProxy;
			containerPortal = FB008A542982DB5F007F0681 /* Project object */;
			proxyType = 1;
			remoteGlobalIDString = FB008A5B2982DB5F007F0681;
			remoteInfo = AboutMe;
		};
		FB008A772982DB61007F0681 /* PBXContainerItemProxy */ = {
			isa = PBXContainerItemProxy;
			containerPortal = FB008A542982DB5F007F0681 /* Project object */;
			proxyType = 1;
			remoteGlobalIDString = FB008A5B2982DB5F007F0681;
			remoteInfo = AboutMe;
		};
/* End PBXContainerItemProxy section */

/* Begin PBXFileReference section */
		FB008A5C2982DB5F007F0681 /* AboutMe.app */ = {isa = PBXFileReference; explicitFileType = wrapper.application; includeInIndex = 0; path = AboutMe.app; sourceTree = BUILT_PRODUCTS_DIR; };
		FB008A5F2982DB5F007F0681 /* AboutMeApp.swift */ = {isa = PBXFileReference; lastKnownFileType = sourcecode.swift; path = AboutMeApp.swift; sourceTree = "<group>"; };
		FB008A612982DB5F007F0681 /* ContentView.swift */ = {isa = PBXFileReference; lastKnownFileType = sourcecode.swift; path = ContentView.swift; sourceTree = "<group>"; };
		FB008A632982DB61007F0681 /* Assets.xcassets */ = {isa = PBXFileReference; lastKnownFileType = folder.assetcatalog; path = Assets.xcassets; sourceTree = "<group>"; };
		FB008A662982DB61007F0681 /* Preview Assets.xcassets */ = {isa = PBXFileReference; lastKnownFileType = folder.assetcatalog; path = "Preview Assets.xcassets"; sourceTree = "<group>"; };
		FB008A6C2982DB61007F0681 /* AboutMeTests.xctest */ = {isa = PBXFileReference; explicitFileType = wrapper.cfbundle; includeInIndex = 0; path = AboutMeTests.xctest; sourceTree = BUILT_PRODUCTS_DIR; };
		FB008A702982DB61007F0681 /* AboutMeTests.swift */ = {isa = PBXFileReference; lastKnownFileType = sourcecode.swift; path = AboutMeTests.swift; sourceTree = "<group>"; };
		FB008A762982DB61007F0681 /* AboutMeUITests.xctest */ = {isa = PBXFileReference; explicitFileType = wrapper.cfbundle; includeInIndex = 0; path = AboutMeUITests.xctest; sourceTree = BUILT_PRODUCTS_DIR; };
		FB008A7A2982DB61007F0681 /* AboutMeUITests.swift */ = {isa = PBXFileReference; lastKnownFileType = sourcecode.swift; path = AboutMeUITests.swift; sourceTree = "<group>"; };
		FB008A7C2982DB61007F0681 /* AboutMeUITestsLaunchTests.swift */ = {isa = PBXFileReference; lastKnownFileType = sourcecode.swift; path = AboutMeUITestsLaunchTests.swift; sourceTree = "<group>"; };
		FB008A892982DE8D007F0681 /* Data.swift */ = {isa = PBXFileReference; lastKnownFileType = sourcecode.swift; path = Data.swift; sourceTree = "<group>"; };
		FB008A8B2982DEAB007F0681 /* HomeView.swift */ = {isa = PBXFileReference; lastKnownFileType = sourcecode.swift; path = HomeView.swift; sourceTree = "<group>"; };
		FB008A8D2982DEFF007F0681 /* StoryView.swift */ = {isa = PBXFileReference; lastKnownFileType = sourcecode.swift; path = StoryView.swift; sourceTree = "<group>"; };
		FB008A8F2982DF1C007F0681 /* FavoritesView.swift */ = {isa = PBXFileReference; lastKnownFileType = sourcecode.swift; path = FavoritesView.swift; sourceTree = "<group>"; };
		FB008A912982DF39007F0681 /* FunFactsView.swift */ = {isa = PBXFileReference; lastKnownFileType = sourcecode.swift; path = FunFactsView.swift; sourceTree = "<group>"; };
/* End PBXFileReference section */

/* Begin PBXFrameworksBuildPhase section */
		FB008A592982DB5F007F0681 /* Frameworks */ = {
			isa = PBXFrameworksBuildPhase;
			buildActionMask = 2147483647;
			files = (
			);
			runOnlyForDeploymentPostprocessing = 0;
		};
		FB008A692982DB61007F0681 /* Frameworks */ = {
			isa = PBXFrameworksBuildPhase;
			buildActionMask = 2147483647;
			files = (
			);
			runOnlyForDeploymentPostprocessing = 0;
		};
		FB008A732982DB61007F0681 /* Frameworks */ = {
			isa = PBXFrameworksBuildPhase;
			buildActionMask = 2147483647;
			files = (
			);
			runOnlyForDeploymentPostprocessing = 0;
		};
/* End PBXFrameworksBuildPhase section */

/* Begin PBXGroup section */
		FB008A532982DB5F007F0681 = {
			isa = PBXGroup;
			children = (
				FB008A5E2982DB5F007F0681 /* AboutMe */,
				FB008A6F2982DB61007F0681 /* AboutMeTests */,
				FB008A792982DB61007F0681 /* AboutMeUITests */,
				FB008A5D2982DB5F007F0681 /* Products */,
			);
			sourceTree = "<group>";
		};
		FB008A5D2982DB5F007F0681 /* Products */ = {
			isa = PBXGroup;
			children = (
				FB008A5C2982DB5F007F0681 /* AboutMe.app */,
				FB008A6C2982DB61007F0681 /* AboutMeTests.xctest */,
				FB008A762982DB61007F0681 /* AboutMeUITests.xctest */,
			);
			name = Products;
			sourceTree = "<group>";
		};
		FB008A5E2982DB5F007F0681 /* AboutMe */ = {
			isa = PBXGroup;
			children = (
				FB008A5F2982DB5F007F0681 /* AboutMeApp.swift */,
				FB008A612982DB5F007F0681 /* ContentView.swift */,
				FB008A632982DB61007F0681 /* Assets.xcassets */,
				FB008A652982DB61007F0681 /* Preview Content */,
				FB008A892982DE8D007F0681 /* Data.swift */,
				FB008A8B2982DEAB007F0681 /* HomeView.swift */,
				FB008A8D2982DEFF007F0681 /* StoryView.swift */,
				FB008A8F2982DF1C007F0681 /* FavoritesView.swift */,
				FB008A912982DF39007F0681 /* FunFactsView.swift */,
			);
			path = AboutMe;
			sourceTree = "<group>";
		};
		FB008A652982DB61007F0681 /* Preview Content */ = {
			isa = PBXGroup;
			children = (
				FB008A662982DB61007F0681 /* Preview Assets.xcassets */,
			);
			path = "Preview Content";
			sourceTree = "<group>";
		};
		FB008A6F2982DB61007F0681 /* AboutMeTests */ = {
			isa = PBXGroup;
			children = (
				FB008A702982DB61007F0681 /* AboutMeTests.swift */,
			);
			path = AboutMeTests;
			sourceTree = "<group>";
		};
		FB008A792982DB61007F0681 /* AboutMeUITests */ = {
			isa = PBXGroup;
			children = (
				FB008A7A2982DB61007F0681 /* AboutMeUITests.swift */,
				FB008A7C2982DB61007F0681 /* AboutMeUITestsLaunchTests.swift */,
			);
			path = AboutMeUITests;
			sourceTree = "<group>";
		};
/* End PBXGroup section */

/* Begin PBXNativeTarget section */
		FB008A5B2982DB5F007F0681 /* AboutMe */ = {
			isa = PBXNativeTarget;
			buildConfigurationList = FB008A802982DB61007F0681 /* Build configuration list for PBXNativeTarget "AboutMe" */;
			buildPhases = (
				FB008A582982DB5F007F0681 /* Sources */,
				FB008A592982DB5F007F0681 /* Frameworks */,
				FB008A5A2982DB5F007F0681 /* Resources */,
			);
			buildRules = (
			);
			dependencies = (
			);
			name = AboutMe;
			productName = AboutMe;
			productReference = FB008A5C2982DB5F007F0681 /* AboutMe.app */;
			productType = "com.apple.product-type.application";
		};
		FB008A6B2982DB61007F0681 /* AboutMeTests */ = {
			isa = PBXNativeTarget;
			buildConfigurationList = FB008A832982DB61007F0681 /* Build configuration list for PBXNativeTarget "AboutMeTests" */;
			buildPhases = (
				FB008A682982DB61007F0681 /* Sources */,
				FB008A692982DB61007F0681 /* Frameworks */,
				FB008A6A2982DB61007F0681 /* Resources */,
			);
			buildRules = (
			);
			dependencies = (
				FB008A6E2982DB61007F0681 /* PBXTargetDependency */,
			);
			name = AboutMeTests;
			productName = AboutMeTests;
			productReference = FB008A6C2982DB61007F0681 /* AboutMeTests.xctest */;
			productType = "com.apple.product-type.bundle.unit-test";
		};
		FB008A752982DB61007F0681 /* AboutMeUITests */ = {
			isa = PBXNativeTarget;
			buildConfigurationList = FB008A862982DB61007F0681 /* Build configuration list for PBXNativeTarget "AboutMeUITests" */;
			buildPhases = (
				FB008A722982DB61007F0681 /* Sources */,
				FB008A732982DB61007F0681 /* Frameworks */,
				FB008A742982DB61007F0681 /* Resources */,
			);
			buildRules = (
			);
			dependencies = (
				FB008A782982DB61007F0681 /* PBXTargetDependency */,
			);
			name = AboutMeUITests;
			productName = AboutMeUITests;
			productReference = FB008A762982DB61007F0681 /* AboutMeUITests.xctest */;
			productType = "com.apple.product-type.bundle.ui-testing";
		};
/* End PBXNativeTarget section */

/* Begin PBXProject section */
		FB008A542982DB5F007F0681 /* Project object */ = {
			isa = PBXProject;
			attributes = {
				BuildIndependentTargetsInParallel = 1;
				LastSwiftUpdateCheck = 1420;
				LastUpgradeCheck = 1420;
				TargetAttributes = {
					FB008A5B2982DB5F007F0681 = {
						CreatedOnToolsVersion = 14.2;
					};
					FB008A6B2982DB61007F0681 = {
						CreatedOnToolsVersion = 14.2;
						TestTargetID = FB008A5B2982DB5F007F0681;
					};
					FB008A752982DB61007F0681 = {
						CreatedOnToolsVersion = 14.2;
						TestTargetID = FB008A5B2982DB5F007F0681;
					};
				};
			};
			buildConfigurationList = FB008A572982DB5F007F0681 /* Build configuration list for PBXProject "AboutMe" */;
			compatibilityVersion = "Xcode 14.0";
			developmentRegion = en;
			hasScannedForEncodings = 0;
			knownRegions = (
				en,
				Base,
			);
			mainGroup = FB008A532982DB5F007F0681;
			productRefGroup = FB008A5D2982DB5F007F0681 /* Products */;
			projectDirPath = "";
			projectRoot = "";
			targets = (
				FB008A5B2982DB5F007F0681 /* AboutMe */,
				FB008A6B2982DB61007F0681 /* AboutMeTests */,
				FB008A752982DB61007F0681 /* AboutMeUITests */,
			);
		};
/* End PBXProject section */

/* Begin PBXResourcesBuildPhase section */
		FB008A5A2982DB5F007F0681 /* Resources */ = {
			isa = PBXResourcesBuildPhase;
			buildActionMask = 2147483647;
			files = (
				FB008A672982DB61007F0681 /* Preview Assets.xcassets in Resources */,
				FB008A642982DB61007F0681 /* Assets.xcassets in Resources */,
			);
			runOnlyForDeploymentPostprocessing = 0;
		};
		FB008A6A2982DB61007F0681 /* Resources */ = {
			isa = PBXResourcesBuildPhase;
			buildActionMask = 2147483647;
			files = (
			);
			runOnlyForDeploymentPostprocessing = 0;
		};
		FB008A742982DB61007F0681 /* Resources */ = {
			isa = PBXResourcesBuildPhase;
			buildActionMask = 2147483647;
			files = (
			);
			runOnlyForDeploymentPostprocessing = 0;
		};
/* End PBXResourcesBuildPhase section */

/* Begin PBXSourcesBuildPhase section */
		FB008A582982DB5F007F0681 /* Sources */ = {
			isa = PBXSourcesBuildPhase;
			buildActionMask = 2147483647;
			files = (
				FB008A8E2982DEFF007F0681 /* StoryView.swift in Sources */,
				FB008A622982DB5F007F0681 /* ContentView.swift in Sources */,
				FB008A902982DF1C007F0681 /* FavoritesView.swift in Sources */,
				FB008A922982DF39007F0681 /* FunFactsView.swift in Sources */,
				FB008A8C2982DEAB007F0681 /* HomeView.swift in Sources */,
				FB008A8A2982DE8D007F0681 /* Data.swift in Sources */,
				FB008A602982DB5F007F0681 /* AboutMeApp.swift in Sources */,
			);
			runOnlyForDeploymentPostprocessing = 0;
		};
		FB008A682982DB61007F0681 /* Sources */ = {
			isa = PBXSourcesBuildPhase;
			buildActionMask = 2147483647;
			files = (
				FB008A712982DB61007F0681 /* AboutMeTests.swift in Sources */,
			);
			runOnlyForDeploymentPostprocessing = 0;
		};
		FB008A722982DB61007F0681 /* Sources */ = {
			isa = PBXSourcesBuildPhase;
			buildActionMask = 2147483647;
			files = (
				FB008A7D2982DB61007F0681 /* AboutMeUITestsLaunchTests.swift in Sources */,
				FB008A7B2982DB61007F0681 /* AboutMeUITests.swift in Sources */,
			);
			runOnlyForDeploymentPostprocessing = 0;
		};
/* End PBXSourcesBuildPhase section */

/* Begin PBXTargetDependency section */
		FB008A6E2982DB61007F0681 /* PBXTargetDependency */ = {
			isa = PBXTargetDependency;
			target = FB008A5B2982DB5F007F0681 /* AboutMe */;
			targetProxy = FB008A6D2982DB61007F0681 /* PBXContainerItemProxy */;
		};
		FB008A782982DB61007F0681 /* PBXTargetDependency */ = {
			isa = PBXTargetDependency;
			target = FB008A5B2982DB5F007F0681 /* AboutMe */;
			targetProxy = FB008A772982DB61007F0681 /* PBXContainerItemProxy */;
		};
/* End PBXTargetDependency section */

/* Begin XCBuildConfiguration section */
		FB008A7E2982DB61007F0681 /* Debug */ = {
			isa = XCBuildConfiguration;
			buildSettings = {
				ALWAYS_SEARCH_USER_PATHS = NO;
				CLANG_ANALYZER_NONNULL = YES;
				CLANG_ANALYZER_NUMBER_OBJECT_CONVERSION = YES_AGGRESSIVE;
				CLANG_CXX_LANGUAGE_STANDARD = "gnu++20";
				CLANG_ENABLE_MODULES = YES;
				CLANG_ENABLE_OBJC_ARC = YES;
				CLANG_ENABLE_OBJC_WEAK = YES;
				CLANG_WARN_BLOCK_CAPTURE_AUTORELEASING = YES;
				CLANG_WARN_BOOL_CONVERSION = YES;
				CLANG_WARN_COMMA = YES;
				CLANG_WARN_CONSTANT_CONVERSION = YES;
				CLANG_WARN_DEPRECATED_OBJC_IMPLEMENTATIONS = YES;
				CLANG_WARN_DIRECT_OBJC_ISA_USAGE = YES_ERROR;
				CLANG_WARN_DOCUMENTATION_COMMENTS = YES;
				CLANG_WARN_EMPTY_BODY = YES;
				CLANG_WARN_ENUM_CONVERSION = YES;
				CLANG_WARN_INFINITE_RECURSION = YES;
				CLANG_WARN_INT_CONVERSION = YES;
				CLANG_WARN_NON_LITERAL_NULL_CONVERSION = YES;
				CLANG_WARN_OBJC_IMPLICIT_RETAIN_SELF = YES;
				CLANG_WARN_OBJC_LITERAL_CONVERSION = YES;
				CLANG_WARN_OBJC_ROOT_CLASS = YES_ERROR;
				CLANG_WARN_QUOTED_INCLUDE_IN_FRAMEWORK_HEADER = YES;
				CLANG_WARN_RANGE_LOOP_ANALYSIS = YES;
				CLANG_WARN_STRICT_PROTOTYPES = YES;
				CLANG_WARN_SUSPICIOUS_MOVE = YES;
				CLANG_WARN_UNGUARDED_AVAILABILITY = YES_AGGRESSIVE;
				CLANG_WARN_UNREACHABLE_CODE = YES;
				CLANG_WARN__DUPLICATE_METHOD_MATCH = YES;
				COPY_PHASE_STRIP = NO;
				DEBUG_INFORMATION_FORMAT = dwarf;
				ENABLE_STRICT_OBJC_MSGSEND = YES;
				ENABLE_TESTABILITY = YES;
				GCC_C_LANGUAGE_STANDARD = gnu11;
				GCC_DYNAMIC_NO_PIC = NO;
				GCC_NO_COMMON_BLOCKS = YES;
				GCC_OPTIMIZATION_LEVEL = 0;
				GCC_PREPROCESSOR_DEFINITIONS = (
					"DEBUG=1",
					"$(inherited)",
				);
				GCC_WARN_64_TO_32_BIT_CONVERSION = YES;
				GCC_WARN_ABOUT_RETURN_TYPE = YES_ERROR;
				GCC_WARN_UNDECLARED_SELECTOR = YES;
				GCC_WARN_UNINITIALIZED_AUTOS = YES_AGGRESSIVE;
				GCC_WARN_UNUSED_FUNCTION = YES;
				GCC_WARN_UNUSED_VARIABLE = YES;
				IPHONEOS_DEPLOYMENT_TARGET = 16.2;
				MTL_ENABLE_DEBUG_INFO = INCLUDE_SOURCE;
				MTL_FAST_MATH = YES;
				ONLY_ACTIVE_ARCH = YES;
				SDKROOT = iphoneos;
				SWIFT_ACTIVE_COMPILATION_CONDITIONS = DEBUG;
				SWIFT_OPTIMIZATION_LEVEL = "-Onone";
			};
			name = Debug;
		};
		FB008A7F2982DB61007F0681 /* Release */ = {
			isa = XCBuildConfiguration;
			buildSettings = {
				ALWAYS_SEARCH_USER_PATHS = NO;
				CLANG_ANALYZER_NONNULL = YES;
				CLANG_ANALYZER_NUMBER_OBJECT_CONVERSION = YES_AGGRESSIVE;
				CLANG_CXX_LANGUAGE_STANDARD = "gnu++20";
				CLANG_ENABLE_MODULES = YES;
				CLANG_ENABLE_OBJC_ARC = YES;
				CLANG_ENABLE_OBJC_WEAK = YES;
				CLANG_WARN_BLOCK_CAPTURE_AUTORELEASING = YES;
				CLANG_WARN_BOOL_CONVERSION = YES;
				CLANG_WARN_COMMA = YES;
				CLANG_WARN_CONSTANT_CONVERSION = YES;
				CLANG_WARN_DEPRECATED_OBJC_IMPLEMENTATIONS = YES;
				CLANG_WARN_DIRECT_OBJC_ISA_USAGE = YES_ERROR;
				CLANG_WARN_DOCUMENTATION_COMMENTS = YES;
				CLANG_WARN_EMPTY_BODY = YES;
				CLANG_WARN_ENUM_CONVERSION = YES;
				CLANG_WARN_INFINITE_RECURSION = YES;
				CLANG_WARN_INT_CONVERSION = YES;
				CLANG_WARN_NON_LITERAL_NULL_CONVERSION = YES;
				CLANG_WARN_OBJC_IMPLICIT_RETAIN_SELF = YES;
				CLANG_WARN_OBJC_LITERAL_CONVERSION = YES;
				CLANG_WARN_OBJC_ROOT_CLASS = YES_ERROR;
				CLANG_WARN_QUOTED_INCLUDE_IN_FRAMEWORK_HEADER = YES;
				CLANG_WARN_RANGE_LOOP_ANALYSIS = YES;
				CLANG_WARN_STRICT_PROTOTYPES = YES;
				CLANG_WARN_SUSPICIOUS_MOVE = YES;
				CLANG_WARN_UNGUARDED_AVAILABILITY = YES_AGGRESSIVE;
				CLANG_WARN_UNREACHABLE_CODE = YES;
				CLANG_WARN__DUPLICATE_METHOD_MATCH = YES;
				COPY_PHASE_STRIP = NO;
				DEBUG_INFORMATION_FORMAT = "dwarf-with-dsym";
				ENABLE_NS_ASSERTIONS = NO;
				ENABLE_STRICT_OBJC_MSGSEND = YES;
				GCC_C_LANGUAGE_STANDARD = gnu11;
				GCC_NO_COMMON_BLOCKS = YES;
				GCC_WARN_64_TO_32_BIT_CONVERSION = YES;
				GCC_WARN_ABOUT_RETURN_TYPE = YES_ERROR;
				GCC_WARN_UNDECLARED_SELECTOR = YES;
				GCC_WARN_UNINITIALIZED_AUTOS = YES_AGGRESSIVE;
				GCC_WARN_UNUSED_FUNCTION = YES;
				GCC_WARN_UNUSED_VARIABLE = YES;
				IPHONEOS_DEPLOYMENT_TARGET = 16.2;
				MTL_ENABLE_DEBUG_INFO = NO;
				MTL_FAST_MATH = YES;
				SDKROOT = iphoneos;
				SWIFT_COMPILATION_MODE = wholemodule;
				SWIFT_OPTIMIZATION_LEVEL = "-O";
				VALIDATE_PRODUCT = YES;
			};
			name = Release;
		};
		FB008A812982DB61007F0681 /* Debug */ = {
			isa = XCBuildConfiguration;
			buildSettings = {
				ASSETCATALOG_COMPILER_APPICON_NAME = AppIcon;
				ASSETCATALOG_COMPILER_GLOBAL_ACCENT_COLOR_NAME = AccentColor;
				CODE_SIGN_STYLE = Automatic;
				CURRENT_PROJECT_VERSION = 1;
				DEVELOPMENT_ASSET_PATHS = "\"AboutMe/Preview Content\"";
				ENABLE_PREVIEWS = YES;
				GENERATE_INFOPLIST_FILE = YES;
				INFOPLIST_KEY_UIApplicationSceneManifest_Generation = YES;
				INFOPLIST_KEY_UIApplicationSupportsIndirectInputEvents = YES;
				INFOPLIST_KEY_UILaunchScreen_Generation = YES;
				INFOPLIST_KEY_UISupportedInterfaceOrientations_iPad = "UIInterfaceOrientationPortrait UIInterfaceOrientationPortraitUpsideDown UIInterfaceOrientationLandscapeLeft UIInterfaceOrientationLandscapeRight";
				INFOPLIST_KEY_UISupportedInterfaceOrientations_iPhone = "UIInterfaceOrientationPortrait UIInterfaceOrientationLandscapeLeft UIInterfaceOrientationLandscapeRight";
				LD_RUNPATH_SEARCH_PATHS = (
					"$(inherited)",
					"@executable_path/Frameworks",
				);
				MARKETING_VERSION = 1.0;
				PRODUCT_BUNDLE_IDENTIFIER = "-.0.AboutMe";
				PRODUCT_NAME = "$(TARGET_NAME)";
				SWIFT_EMIT_LOC_STRINGS = YES;
				SWIFT_VERSION = 5.0;
				TARGETED_DEVICE_FAMILY = "1,2";
			};
			name = Debug;
		};
		FB008A822982DB61007F0681 /* Release */ = {
			isa = XCBuildConfiguration;
			buildSettings = {
				ASSETCATALOG_COMPILER_APPICON_NAME = AppIcon;
				ASSETCATALOG_COMPILER_GLOBAL_ACCENT_COLOR_NAME = AccentColor;
				CODE_SIGN_STYLE = Automatic;
				CURRENT_PROJECT_VERSION = 1;
				DEVELOPMENT_ASSET_PATHS = "\"AboutMe/Preview Content\"";
				ENABLE_PREVIEWS = YES;
				GENERATE_INFOPLIST_FILE = YES;
				INFOPLIST_KEY_UIApplicationSceneManifest_Generation = YES;
				INFOPLIST_KEY_UIApplicationSupportsIndirectInputEvents = YES;
				INFOPLIST_KEY_UILaunchScreen_Generation = YES;
				INFOPLIST_KEY_UISupportedInterfaceOrientations_iPad = "UIInterfaceOrientationPortrait UIInterfaceOrientationPortraitUpsideDown UIInterfaceOrientationLandscapeLeft UIInterfaceOrientationLandscapeRight";
				INFOPLIST_KEY_UISupportedInterfaceOrientations_iPhone = "UIInterfaceOrientationPortrait UIInterfaceOrientationLandscapeLeft UIInterfaceOrientationLandscapeRight";
				LD_RUNPATH_SEARCH_PATHS = (
					"$(inherited)",
					"@executable_path/Frameworks",
				);
				MARKETING_VERSION = 1.0;
				PRODUCT_BUNDLE_IDENTIFIER = "-.0.AboutMe";
				PRODUCT_NAME = "$(TARGET_NAME)";
				SWIFT_EMIT_LOC_STRINGS = YES;
				SWIFT_VERSION = 5.0;
				TARGETED_DEVICE_FAMILY = "1,2";
			};
			name = Release;
		};
		FB008A842982DB61007F0681 /* Debug */ = {
			isa = XCBuildConfiguration;
			buildSettings = {
				ALWAYS_EMBED_SWIFT_STANDARD_LIBRARIES = YES;
				BUNDLE_LOADER = "$(TEST_HOST)";
				CODE_SIGN_STYLE = Automatic;
				CURRENT_PROJECT_VERSION = 1;
				GENERATE_INFOPLIST_FILE = YES;
				IPHONEOS_DEPLOYMENT_TARGET = 16.2;
				MARKETING_VERSION = 1.0;
				PRODUCT_BUNDLE_IDENTIFIER = "-.0.AboutMeTests";
				PRODUCT_NAME = "$(TARGET_NAME)";
				SWIFT_EMIT_LOC_STRINGS = NO;
				SWIFT_VERSION = 5.0;
				TARGETED_DEVICE_FAMILY = "1,2";
				TEST_HOST = "$(BUILT_PRODUCTS_DIR)/AboutMe.app/$(BUNDLE_EXECUTABLE_FOLDER_PATH)/AboutMe";
			};
			name = Debug;
		};
		FB008A852982DB61007F0681 /* Release */ = {
			isa = XCBuildConfiguration;
			buildSettings = {
				ALWAYS_EMBED_SWIFT_STANDARD_LIBRARIES = YES;
				BUNDLE_LOADER = "$(TEST_HOST)";
				CODE_SIGN_STYLE = Automatic;
				CURRENT_PROJECT_VERSION = 1;
				GENERATE_INFOPLIST_FILE = YES;
				IPHONEOS_DEPLOYMENT_TARGET = 16.2;
				MARKETING_VERSION = 1.0;
				PRODUCT_BUNDLE_IDENTIFIER = "-.0.AboutMeTests";
				PRODUCT_NAME = "$(TARGET_NAME)";
				SWIFT_EMIT_LOC_STRINGS = NO;
				SWIFT_VERSION = 5.0;
				TARGETED_DEVICE_FAMILY = "1,2";
				TEST_HOST = "$(BUILT_PRODUCTS_DIR)/AboutMe.app/$(BUNDLE_EXECUTABLE_FOLDER_PATH)/AboutMe";
			};
			name = Release;
		};
		FB008A872982DB61007F0681 /* Debug */ = {
			isa = XCBuildConfiguration;
			buildSettings = {
				ALWAYS_EMBED_SWIFT_STANDARD_LIBRARIES = YES;
				CODE_SIGN_STYLE = Automatic;
				CURRENT_PROJECT_VERSION = 1;
				GENERATE_INFOPLIST_FILE = YES;
				MARKETING_VERSION = 1.0;
				PRODUCT_BUNDLE_IDENTIFIER = "-.0.AboutMeUITests";
				PRODUCT_NAME = "$(TARGET_NAME)";
				SWIFT_EMIT_LOC_STRINGS = NO;
				SWIFT_VERSION = 5.0;
				TARGETED_DEVICE_FAMILY = "1,2";
				TEST_TARGET_NAME = AboutMe;
			};
			name = Debug;
		};
		FB008A882982DB61007F0681 /* Release */ = {
			isa = XCBuildConfiguration;
			buildSettings = {
				ALWAYS_EMBED_SWIFT_STANDARD_LIBRARIES = YES;
				CODE_SIGN_STYLE = Automatic;
				CURRENT_PROJECT_VERSION = 1;
				GENERATE_INFOPLIST_FILE = YES;
				MARKETING_VERSION = 1.0;
				PRODUCT_BUNDLE_IDENTIFIER = "-.0.AboutMeUITests";
				PRODUCT_NAME = "$(TARGET_NAME)";
				SWIFT_EMIT_LOC_STRINGS = NO;
				SWIFT_VERSION = 5.0;
				TARGETED_DEVICE_FAMILY = "1,2";
				TEST_TARGET_NAME = AboutMe;
			};
			name = Release;
		};
/* End XCBuildConfiguration section */

/* Begin XCConfigurationList section */
		FB008A572982DB5F007F0681 /* Build configuration list for PBXProject "AboutMe" */ = {
			isa = XCConfigurationList;
			buildConfigurations = (
				FB008A7E2982DB61007F0681 /* Debug */,
				FB008A7F2982DB61007F0681 /* Release */,
			);
			defaultConfigurationIsVisible = 0;
			defaultConfigurationName = Release;
		};
		FB008A802982DB61007F0681 /* Build configuration list for PBXNativeTarget "AboutMe" */ = {
			isa = XCConfigurationList;
			buildConfigurations = (
				FB008A812982DB61007F0681 /* Debug */,
				FB008A822982DB61007F0681 /* Release */,
			);
			defaultConfigurationIsVisible = 0;
			defaultConfigurationName = Release;
		};
		FB008A832982DB61007F0681 /* Build configuration list for PBXNativeTarget "AboutMeTests" */ = {
			isa = XCConfigurationList;
			buildConfigurations = (
				FB008A842982DB61007F0681 /* Debug */,
				FB008A852982DB61007F0681 /* Release */,
			);
			defaultConfigurationIsVisible = 0;
			defaultConfigurationName = Release;
		};
		FB008A862982DB61007F0681 /* Build configuration list for PBXNativeTarget "AboutMeUITests" */ = {
			isa = XCConfigurationList;
			buildConfigurations = (
				FB008A872982DB61007F0681 /* Debug */,
				FB008A882982DB61007F0681 /* Release */,
			);
			defaultConfigurationIsVisible = 0;
			defaultConfigurationName = Release;
		};
/* End XCConfigurationList section */
	};
	rootObject = FB008A542982DB5F007F0681 /* Project object */;
}
